
Microsoft Visual Studio Solution File, Format Version 12.00
# Visual Studio Version 16
VisualStudioVersion = 16.0.30804.86
MinimumVisualStudioVersion = 10.0.40219.1
Project("{FAE04EC0-301F-11D3-BF4B-00C04F79EFBC}") = "PathfindingAlgorithms", "PathfindingAlgorithms\PathfindingAlgorithms.csproj", "{3C22AB05-0BEA-49B2-AB03-049C0AA88918}"
EndProject
Global
	GlobalSection(SolutionConfigurationPlatforms) = preSolution
		Debug|Any CPU = Debug|Any CPU
		Release|Any CPU = Release|Any CPU
	EndGlobalSection
	GlobalSection(ProjectConfigurationPlatforms) = postSolution
		{3C22AB05-0BEA-49B2-AB03-049C0AA88918}.Debug|Any CPU.ActiveCfg = Debug|Any CPU
		{3C22AB05-0BEA-49B2-AB03-049C0AA88918}.Debug|Any CPU.Build.0 = Debug|Any CPU
		{3C22AB05-0BEA-49B2-AB03-049C0AA88918}.Release|Any CPU.ActiveCfg = Release|Any CPU
		{3C22AB05-0BEA-49B2-AB03-049C0AA88918}.Release|Any CPU.Build.0 = Release|Any CPU
	EndGlobalSection
	GlobalSection(SolutionProperties) = preSolution
		HideSolutionNode = FALSE
	EndGlobalSection
	GlobalSection(ExtensibilityGlobals) = postSolution
		SolutionGuid = {DB35F38B-07C2-4001-9025-A67D853AAF55}
	EndGlobalSection
EndGlobal
